
Microsoft Visual Studio Solution File, Format Version 12.00
# Visual Studio Version 17
VisualStudioVersion = 17.1.32228.430
MinimumVisualStudioVersion = 10.0.40219.1
Project("{FAE04EC0-301F-11D3-BF4B-00C04F79EFBC}") = "AppNet.Bussines", "AppNet.Bussines\AppNet.Bussines.csproj", "{F35D364C-3772-4991-A49F-A3CF611A8722}"
EndProject
Project("{FAE04EC0-301F-11D3-BF4B-00C04F79EFBC}") = "AppNet.Domain", "AppNet.Domain\AppNet.Domain.csproj", "{3E5BD2CC-2DBE-4AB1-8214-A84CDF99D850}"
EndProject
Project("{FAE04EC0-301F-11D3-BF4B-00C04F79EFBC}") = "AppNet.Infrastructer.Logging", "AppNet.Infrastructer.Logging\AppNet.Infrastructer.Logging.csproj", "{C9E9ED70-250E-410D-81A4-5F6C77DE849D}"
EndProject
Project("{FAE04EC0-301F-11D3-BF4B-00C04F79EFBC}") = "AppNet.Infrastructer.Notification", "AppNet.Infrastructer.Notification\AppNet.Infrastructer.Notification.csproj", "{B61586AD-92D4-475A-934A-88F89CD4F13F}"
EndProject
Project("{FAE04EC0-301F-11D3-BF4B-00C04F79EFBC}") = "AppNet.Infrastructer.Persistence", "AppNet.Infrastructer.Persistence\AppNet.Infrastructer.Persistence.csproj", "{F70A17F4-C4D4-482E-B4FB-3B6C813EED13}"
EndProject
Project("{FAE04EC0-301F-11D3-BF4B-00C04F79EFBC}") = "AppNet.WinFormUI", "AppNet.WinFormUI\AppNet.WinFormUI.csproj", "{6A1ECC7D-E6CB-40CB-9AF6-FC86EE2DFC1A}"
EndProject
Global
	GlobalSection(SolutionConfigurationPlatforms) = preSolution
		Debug|Any CPU = Debug|Any CPU
		Release|Any CPU = Release|Any CPU
	EndGlobalSection
	GlobalSection(ProjectConfigurationPlatforms) = postSolution
		{F35D364C-3772-4991-A49F-A3CF611A8722}.Debug|Any CPU.ActiveCfg = Debug|Any CPU
		{F35D364C-3772-4991-A49F-A3CF611A8722}.Debug|Any CPU.Build.0 = Debug|Any CPU
		{F35D364C-3772-4991-A49F-A3CF611A8722}.Release|Any CPU.ActiveCfg = Release|Any CPU
		{F35D364C-3772-4991-A49F-A3CF611A8722}.Release|Any CPU.Build.0 = Release|Any CPU
		{3E5BD2CC-2DBE-4AB1-8214-A84CDF99D850}.Debug|Any CPU.ActiveCfg = Debug|Any CPU
		{3E5BD2CC-2DBE-4AB1-8214-A84CDF99D850}.Debug|Any CPU.Build.0 = Debug|Any CPU
		{3E5BD2CC-2DBE-4AB1-8214-A84CDF99D850}.Release|Any CPU.ActiveCfg = Release|Any CPU
		{3E5BD2CC-2DBE-4AB1-8214-A84CDF99D850}.Release|Any CPU.Build.0 = Release|Any CPU
		{C9E9ED70-250E-410D-81A4-5F6C77DE849D}.Debug|Any CPU.ActiveCfg = Debug|Any CPU
		{C9E9ED70-250E-410D-81A4-5F6C77DE849D}.Debug|Any CPU.Build.0 = Debug|Any CPU
		{C9E9ED70-250E-410D-81A4-5F6C77DE849D}.Release|Any CPU.ActiveCfg = Release|Any CPU
		{C9E9ED70-250E-410D-81A4-5F6C77DE849D}.Release|Any CPU.Build.0 = Release|Any CPU
		{B61586AD-92D4-475A-934A-88F89CD4F13F}.Debug|Any CPU.ActiveCfg = Debug|Any CPU
		{B61586AD-92D4-475A-934A-88F89CD4F13F}.Debug|Any CPU.Build.0 = Debug|Any CPU
		{B61586AD-92D4-475A-934A-88F89CD4F13F}.Release|Any CPU.ActiveCfg = Release|Any CPU
		{B61586AD-92D4-475A-934A-88F89CD4F13F}.Release|Any CPU.Build.0 = Release|Any CPU
		{F70A17F4-C4D4-482E-B4FB-3B6C813EED13}.Debug|Any CPU.ActiveCfg = Debug|Any CPU
		{F70A17F4-C4D4-482E-B4FB-3B6C813EED13}.Debug|Any CPU.Build.0 = Debug|Any CPU
		{F70A17F4-C4D4-482E-B4FB-3B6C813EED13}.Release|Any CPU.ActiveCfg = Release|Any CPU
		{F70A17F4-C4D4-482E-B4FB-3B6C813EED13}.Release|Any CPU.Build.0 = Release|Any CPU
		{6A1ECC7D-E6CB-40CB-9AF6-FC86EE2DFC1A}.Debug|Any CPU.ActiveCfg = Debug|Any CPU
		{6A1ECC7D-E6CB-40CB-9AF6-FC86EE2DFC1A}.Debug|Any CPU.Build.0 = Debug|Any CPU
		{6A1ECC7D-E6CB-40CB-9AF6-FC86EE2DFC1A}.Release|Any CPU.ActiveCfg = Release|Any CPU
		{6A1ECC7D-E6CB-40CB-9AF6-FC86EE2DFC1A}.Release|Any CPU.Build.0 = Release|Any CPU
	EndGlobalSection
	GlobalSection(SolutionProperties) = preSolution
		HideSolutionNode = FALSE
	EndGlobalSection
	GlobalSection(ExtensibilityGlobals) = postSolution
		SolutionGuid = {BC52372D-2B48-4CCC-8189-E94F280254E9}
	EndGlobalSection
EndGlobal
